
Microsoft Visual Studio Solution File, Format Version 12.00
# Visual Studio Version 17
VisualStudioVersion = 17.6.33712.159
MinimumVisualStudioVersion = 10.0.40219.1
Project("{FAE04EC0-301F-11D3-BF4B-00C04F79EFBC}") = "eTickets", "eTickets\eTickets.csproj", "{701FB81D-A150-4F3C-B4D4-76087DEDD089}"
EndProject
Global
	GlobalSection(SolutionConfigurationPlatforms) = preSolution
		Debug|Any CPU = Debug|Any CPU
		Release|Any CPU = Release|Any CPU
	EndGlobalSection
	GlobalSection(ProjectConfigurationPlatforms) = postSolution
		{701FB81D-A150-4F3C-B4D4-76087DEDD089}.Debug|Any CPU.ActiveCfg = Debug|Any CPU
		{701FB81D-A150-4F3C-B4D4-76087DEDD089}.Debug|Any CPU.Build.0 = Debug|Any CPU
		{701FB81D-A150-4F3C-B4D4-76087DEDD089}.Release|Any CPU.ActiveCfg = Release|Any CPU
		{701FB81D-A150-4F3C-B4D4-76087DEDD089}.Release|Any CPU.Build.0 = Release|Any CPU
	EndGlobalSection
	GlobalSection(SolutionProperties) = preSolution
		HideSolutionNode = FALSE
	EndGlobalSection
	GlobalSection(ExtensibilityGlobals) = postSolution
		SolutionGuid = {5AF43A94-8181-4504-8178-354CAC5660FF}
	EndGlobalSection
EndGlobal
